
Microsoft Visual Studio Solution File, Format Version 12.00
# Visual Studio Version 17
VisualStudioVersion = 17.10.34928.147
MinimumVisualStudioVersion = 10.0.40219.1
Project("{9A19103F-16F7-4668-BE54-9A1E7A4F7556}") = "StockControlV2UI", "StockControlV2UI\StockControlV2UI.csproj", "{F327FC7F-EB08-48F1-96B5-7D188883FCFB}"
EndProject
Project("{9A19103F-16F7-4668-BE54-9A1E7A4F7556}") = "StockControlV2EL", "StockControlV2EL\StockControlV2EL.csproj", "{24D68E70-DE33-4FDF-9EB8-E2B682BB732E}"
EndProject
Project("{9A19103F-16F7-4668-BE54-9A1E7A4F7556}") = "StockControlV2DL", "StockControlV2DL\StockControlV2DL.csproj", "{23EBF00E-9A77-4359-B02F-4C782CC386C7}"
EndProject
Project("{9A19103F-16F7-4668-BE54-9A1E7A4F7556}") = "StockControlV2BL", "StockControlV2BL\StockControlV2BL.csproj", "{45EF5AA7-C6D1-4562-BC06-CCF378C0830F}"
EndProject
Global
	GlobalSection(SolutionConfigurationPlatforms) = preSolution
		Debug|Any CPU = Debug|Any CPU
		Release|Any CPU = Release|Any CPU
	EndGlobalSection
	GlobalSection(ProjectConfigurationPlatforms) = postSolution
		{F327FC7F-EB08-48F1-96B5-7D188883FCFB}.Debug|Any CPU.ActiveCfg = Debug|Any CPU
		{F327FC7F-EB08-48F1-96B5-7D188883FCFB}.Debug|Any CPU.Build.0 = Debug|Any CPU
		{F327FC7F-EB08-48F1-96B5-7D188883FCFB}.Release|Any CPU.ActiveCfg = Release|Any CPU
		{F327FC7F-EB08-48F1-96B5-7D188883FCFB}.Release|Any CPU.Build.0 = Release|Any CPU
		{24D68E70-DE33-4FDF-9EB8-E2B682BB732E}.Debug|Any CPU.ActiveCfg = Debug|Any CPU
		{24D68E70-DE33-4FDF-9EB8-E2B682BB732E}.Debug|Any CPU.Build.0 = Debug|Any CPU
		{24D68E70-DE33-4FDF-9EB8-E2B682BB732E}.Release|Any CPU.ActiveCfg = Release|Any CPU
		{24D68E70-DE33-4FDF-9EB8-E2B682BB732E}.Release|Any CPU.Build.0 = Release|Any CPU
		{23EBF00E-9A77-4359-B02F-4C782CC386C7}.Debug|Any CPU.ActiveCfg = Debug|Any CPU
		{23EBF00E-9A77-4359-B02F-4C782CC386C7}.Debug|Any CPU.Build.0 = Debug|Any CPU
		{23EBF00E-9A77-4359-B02F-4C782CC386C7}.Release|Any CPU.ActiveCfg = Release|Any CPU
		{23EBF00E-9A77-4359-B02F-4C782CC386C7}.Release|Any CPU.Build.0 = Release|Any CPU
		{45EF5AA7-C6D1-4562-BC06-CCF378C0830F}.Debug|Any CPU.ActiveCfg = Debug|Any CPU
		{45EF5AA7-C6D1-4562-BC06-CCF378C0830F}.Debug|Any CPU.Build.0 = Debug|Any CPU
		{45EF5AA7-C6D1-4562-BC06-CCF378C0830F}.Release|Any CPU.ActiveCfg = Release|Any CPU
		{45EF5AA7-C6D1-4562-BC06-CCF378C0830F}.Release|Any CPU.Build.0 = Release|Any CPU
	EndGlobalSection
	GlobalSection(SolutionProperties) = preSolution
		HideSolutionNode = FALSE
	EndGlobalSection
	GlobalSection(ExtensibilityGlobals) = postSolution
		SolutionGuid = {47024CC7-EDC8-42DE-B199-3BA3EBA15086}
	EndGlobalSection
EndGlobal
